
Microsoft Visual Studio Solution File, Format Version 12.00
# Visual Studio Version 17
VisualStudioVersion = 17.6.33829.357
MinimumVisualStudioVersion = 10.0.40219.1
Project("{FAE04EC0-301F-11D3-BF4B-00C04F79EFBC}") = "TicketEase", "TicketEase\TicketEase.csproj", "{C775AFFC-6D28-43CC-8B85-B170004AEFC3}"
EndProject
Global
	GlobalSection(SolutionConfigurationPlatforms) = preSolution
		Debug|Any CPU = Debug|Any CPU
		Release|Any CPU = Release|Any CPU
	EndGlobalSection
	GlobalSection(ProjectConfigurationPlatforms) = postSolution
		{C775AFFC-6D28-43CC-8B85-B170004AEFC3}.Debug|Any CPU.ActiveCfg = Debug|Any CPU
		{C775AFFC-6D28-43CC-8B85-B170004AEFC3}.Debug|Any CPU.Build.0 = Debug|Any CPU
		{C775AFFC-6D28-43CC-8B85-B170004AEFC3}.Release|Any CPU.ActiveCfg = Release|Any CPU
		{C775AFFC-6D28-43CC-8B85-B170004AEFC3}.Release|Any CPU.Build.0 = Release|Any CPU
	EndGlobalSection
	GlobalSection(SolutionProperties) = preSolution
		HideSolutionNode = FALSE
	EndGlobalSection
	GlobalSection(ExtensibilityGlobals) = postSolution
		SolutionGuid = {53F618B4-CCF3-48CD-899E-0EF7A8E020B8}
	EndGlobalSection
EndGlobal
